
Microsoft Visual Studio Solution File, Format Version 12.00
# Visual Studio 2012
Project("{8BC9CEB8-8B4A-11D0-8D11-00A0C91BC942}") = "pdh-experiments", "pdh-experiments\pdh-experiments.vcxproj", "{62544211-92BA-44AE-A015-73F322BF13E4}"
EndProject
Global
	GlobalSection(SolutionConfigurationPlatforms) = preSolution
		Debug|Win32 = Debug|Win32
		Release|Win32 = Release|Win32
	EndGlobalSection
	GlobalSection(ProjectConfigurationPlatforms) = postSolution
		{62544211-92BA-44AE-A015-73F322BF13E4}.Debug|Win32.ActiveCfg = Debug|Win32
		{62544211-92BA-44AE-A015-73F322BF13E4}.Debug|Win32.Build.0 = Debug|Win32
		{62544211-92BA-44AE-A015-73F322BF13E4}.Release|Win32.ActiveCfg = Release|Win32
		{62544211-92BA-44AE-A015-73F322BF13E4}.Release|Win32.Build.0 = Release|Win32
	EndGlobalSection
	GlobalSection(SolutionProperties) = preSolution
		HideSolutionNode = FALSE
	EndGlobalSection
EndGlobal
